
Microsoft Visual Studio Solution File, Format Version 12.00
# Visual Studio Version 17
VisualStudioVersion = 17.11.34929.205
MinimumVisualStudioVersion = 10.0.40219.1
Project("{FAE04EC0-301F-11D3-BF4B-00C04F79EFBC}") = "cursovaia", "cursovaia\cursovaia.csproj", "{AC3E0C71-E499-4904-829C-056DAF7C6891}"
EndProject
Global
	GlobalSection(SolutionConfigurationPlatforms) = preSolution
		Debug|Any CPU = Debug|Any CPU
		Release|Any CPU = Release|Any CPU
	EndGlobalSection
	GlobalSection(ProjectConfigurationPlatforms) = postSolution
		{AC3E0C71-E499-4904-829C-056DAF7C6891}.Debug|Any CPU.ActiveCfg = Debug|Any CPU
		{AC3E0C71-E499-4904-829C-056DAF7C6891}.Debug|Any CPU.Build.0 = Debug|Any CPU
		{AC3E0C71-E499-4904-829C-056DAF7C6891}.Release|Any CPU.ActiveCfg = Release|Any CPU
		{AC3E0C71-E499-4904-829C-056DAF7C6891}.Release|Any CPU.Build.0 = Release|Any CPU
	EndGlobalSection
	GlobalSection(SolutionProperties) = preSolution
		HideSolutionNode = FALSE
	EndGlobalSection
	GlobalSection(ExtensibilityGlobals) = postSolution
		SolutionGuid = {54C7261D-E9D0-4773-8260-8925F7FF2412}
	EndGlobalSection
EndGlobal
